// !$*UTF8*$!
{
	archiveVersion = 1;
	classes = {
	};
	objectVersion = 56;
	objects = {

/* Begin PBXBuildFile section */
		E6C541712CBD9D3900633182 /* Logger+extensions.swift in Sources */ = {isa = PBXBuildFile; fileRef = E6C541702CBD9D3900633182 /* Logger+extensions.swift */; };
		E6C541732CBDBBFD00633182 /* OrderEditViewModel.swift in Sources */ = {isa = PBXBuildFile; fileRef = E6C541722CBDBBFD00633182 /* OrderEditViewModel.swift */; };
		E6C541752CBDC34000633182 /* OrderItemDB.swift in Sources */ = {isa = PBXBuildFile; fileRef = E6C541742CBDC34000633182 /* OrderItemDB.swift */; };
		E6D4159A2CBD999600278490 /* DataService.swift in Sources */ = {isa = PBXBuildFile; fileRef = E6D415992CBD999600278490 /* DataService.swift */; };
		E6D4159D2CBD9A8800278490 /* Database.swift in Sources */ = {isa = PBXBuildFile; fileRef = E6D4159C2CBD9A8800278490 /* Database.swift */; };
		E6D4159F2CBD9AB000278490 /* SwiftDatabase.swift in Sources */ = {isa = PBXBuildFile; fileRef = E6D4159E2CBD9AB000278490 /* SwiftDatabase.swift */; };
		E6D415A12CBD9B1B00278490 /* OrderDB.swift in Sources */ = {isa = PBXBuildFile; fileRef = E6D415A02CBD9B1B00278490 /* OrderDB.swift */; };
		E6D415A42CBD9B8700278490 /* OrderListViewModel.swift in Sources */ = {isa = PBXBuildFile; fileRef = E6D415A32CBD9B8700278490 /* OrderListViewModel.swift */; };
		E6D415A62CBD9C1C00278490 /* DataServiceFactory.swift in Sources */ = {isa = PBXBuildFile; fileRef = E6D415A52CBD9C1C00278490 /* DataServiceFactory.swift */; };
		E6F39D952C8CA65700938FF9 /* OrderDemoApp.swift in Sources */ = {isa = PBXBuildFile; fileRef = E6F39D942C8CA65700938FF9 /* OrderDemoApp.swift */; };
		E6F39D972C8CA65700938FF9 /* OrderListView.swift in Sources */ = {isa = PBXBuildFile; fileRef = E6F39D962C8CA65700938FF9 /* OrderListView.swift */; };
		E6F39D992C8CA65700938FF9 /* OrderItem.swift in Sources */ = {isa = PBXBuildFile; fileRef = E6F39D982C8CA65700938FF9 /* OrderItem.swift */; };
		E6F39D9B2C8CA65800938FF9 /* Assets.xcassets in Resources */ = {isa = PBXBuildFile; fileRef = E6F39D9A2C8CA65800938FF9 /* Assets.xcassets */; };
		E6F39D9F2C8CA65800938FF9 /* Preview Assets.xcassets in Resources */ = {isa = PBXBuildFile; fileRef = E6F39D9E2C8CA65800938FF9 /* Preview Assets.xcassets */; };
		E6F39DA92C8CA65800938FF9 /* OrderDemoTests.swift in Sources */ = {isa = PBXBuildFile; fileRef = E6F39DA82C8CA65800938FF9 /* OrderDemoTests.swift */; };
		E6F39DC42C8CA6C600938FF9 /* Order.swift in Sources */ = {isa = PBXBuildFile; fileRef = E6F39DC32C8CA6C600938FF9 /* Order.swift */; };
		E6F39DC72C8CA81500938FF9 /* OrderEditView.swift in Sources */ = {isa = PBXBuildFile; fileRef = E6F39DC62C8CA81500938FF9 /* OrderEditView.swift */; };
		E6F39DC92C8CA90200938FF9 /* ContentView.swift in Sources */ = {isa = PBXBuildFile; fileRef = E6F39DC82C8CA90200938FF9 /* ContentView.swift */; };
		E6F39DCC2C8CAA1700938FF9 /* PreviewData.swift in Sources */ = {isa = PBXBuildFile; fileRef = E6F39DCB2C8CAA1700938FF9 /* PreviewData.swift */; };
		E6F39DCF2C8CB7E200938FF9 /* String+extensions.swift in Sources */ = {isa = PBXBuildFile; fileRef = E6F39DCE2C8CB7E200938FF9 /* String+extensions.swift */; };
		E6F39DD12C8CBA9900938FF9 /* OrderItemDetailView.swift in Sources */ = {isa = PBXBuildFile; fileRef = E6F39DD02C8CBA9900938FF9 /* OrderItemDetailView.swift */; };
		E6F39DD42C8CBB3D00938FF9 /* TextModifiers.swift in Sources */ = {isa = PBXBuildFile; fileRef = E6F39DD32C8CBB3D00938FF9 /* TextModifiers.swift */; };
/* End PBXBuildFile section */

/* Begin PBXContainerItemProxy section */
		E6F39DA52C8CA65800938FF9 /* PBXContainerItemProxy */ = {
			isa = PBXContainerItemProxy;
			containerPortal = E6F39D892C8CA65700938FF9 /* Project object */;
			proxyType = 1;
			remoteGlobalIDString = E6F39D902C8CA65700938FF9;
			remoteInfo = OrderDemo;
		};
/* End PBXContainerItemProxy section */

/* Begin PBXFileReference section */
		E6C541702CBD9D3900633182 /* Logger+extensions.swift */ = {isa = PBXFileReference; lastKnownFileType = sourcecode.swift; path = "Logger+extensions.swift"; sourceTree = "<group>"; };
		E6C541722CBDBBFD00633182 /* OrderEditViewModel.swift */ = {isa = PBXFileReference; lastKnownFileType = sourcecode.swift; path = OrderEditViewModel.swift; sourceTree = "<group>"; };
		E6C541742CBDC34000633182 /* OrderItemDB.swift */ = {isa = PBXFileReference; lastKnownFileType = sourcecode.swift; path = OrderItemDB.swift; sourceTree = "<group>"; };
		E6D415992CBD999600278490 /* DataService.swift */ = {isa = PBXFileReference; lastKnownFileType = sourcecode.swift; path = DataService.swift; sourceTree = "<group>"; };
		E6D4159C2CBD9A8800278490 /* Database.swift */ = {isa = PBXFileReference; lastKnownFileType = sourcecode.swift; path = Database.swift; sourceTree = "<group>"; };
		E6D4159E2CBD9AB000278490 /* SwiftDatabase.swift */ = {isa = PBXFileReference; lastKnownFileType = sourcecode.swift; path = SwiftDatabase.swift; sourceTree = "<group>"; };
		E6D415A02CBD9B1B00278490 /* OrderDB.swift */ = {isa = PBXFileReference; lastKnownFileType = sourcecode.swift; path = OrderDB.swift; sourceTree = "<group>"; };
		E6D415A32CBD9B8700278490 /* OrderListViewModel.swift */ = {isa = PBXFileReference; lastKnownFileType = sourcecode.swift; path = OrderListViewModel.swift; sourceTree = "<group>"; };
		E6D415A52CBD9C1C00278490 /* DataServiceFactory.swift */ = {isa = PBXFileReference; lastKnownFileType = sourcecode.swift; path = DataServiceFactory.swift; sourceTree = "<group>"; };
		E6F39D912C8CA65700938FF9 /* OrderDemo.app */ = {isa = PBXFileReference; explicitFileType = wrapper.application; includeInIndex = 0; path = OrderDemo.app; sourceTree = BUILT_PRODUCTS_DIR; };
		E6F39D942C8CA65700938FF9 /* OrderDemoApp.swift */ = {isa = PBXFileReference; lastKnownFileType = sourcecode.swift; path = OrderDemoApp.swift; sourceTree = "<group>"; };
		E6F39D962C8CA65700938FF9 /* OrderListView.swift */ = {isa = PBXFileReference; lastKnownFileType = sourcecode.swift; path = OrderListView.swift; sourceTree = "<group>"; };
		E6F39D982C8CA65700938FF9 /* OrderItem.swift */ = {isa = PBXFileReference; lastKnownFileType = sourcecode.swift; path = OrderItem.swift; sourceTree = "<group>"; };
		E6F39D9A2C8CA65800938FF9 /* Assets.xcassets */ = {isa = PBXFileReference; lastKnownFileType = folder.assetcatalog; path = Assets.xcassets; sourceTree = "<group>"; };
		E6F39D9C2C8CA65800938FF9 /* OrderDemo.entitlements */ = {isa = PBXFileReference; lastKnownFileType = text.plist.entitlements; path = OrderDemo.entitlements; sourceTree = "<group>"; };
		E6F39D9E2C8CA65800938FF9 /* Preview Assets.xcassets */ = {isa = PBXFileReference; lastKnownFileType = folder.assetcatalog; path = "Preview Assets.xcassets"; sourceTree = "<group>"; };
		E6F39DA42C8CA65800938FF9 /* OrderDemoTests.xctest */ = {isa = PBXFileReference; explicitFileType = wrapper.cfbundle; includeInIndex = 0; path = OrderDemoTests.xctest; sourceTree = BUILT_PRODUCTS_DIR; };
		E6F39DA82C8CA65800938FF9 /* OrderDemoTests.swift */ = {isa = PBXFileReference; lastKnownFileType = sourcecode.swift; path = OrderDemoTests.swift; sourceTree = "<group>"; };
		E6F39DC32C8CA6C600938FF9 /* Order.swift */ = {isa = PBXFileReference; lastKnownFileType = sourcecode.swift; path = Order.swift; sourceTree = "<group>"; };
		E6F39DC62C8CA81500938FF9 /* OrderEditView.swift */ = {isa = PBXFileReference; lastKnownFileType = sourcecode.swift; path = OrderEditView.swift; sourceTree = "<group>"; };
		E6F39DC82C8CA90200938FF9 /* ContentView.swift */ = {isa = PBXFileReference; lastKnownFileType = sourcecode.swift; path = ContentView.swift; sourceTree = "<group>"; };
		E6F39DCB2C8CAA1700938FF9 /* PreviewData.swift */ = {isa = PBXFileReference; lastKnownFileType = sourcecode.swift; path = PreviewData.swift; sourceTree = "<group>"; };
		E6F39DCE2C8CB7E200938FF9 /* String+extensions.swift */ = {isa = PBXFileReference; lastKnownFileType = sourcecode.swift; path = "String+extensions.swift"; sourceTree = "<group>"; };
		E6F39DD02C8CBA9900938FF9 /* OrderItemDetailView.swift */ = {isa = PBXFileReference; lastKnownFileType = sourcecode.swift; path = OrderItemDetailView.swift; sourceTree = "<group>"; };
		E6F39DD32C8CBB3D00938FF9 /* TextModifiers.swift */ = {isa = PBXFileReference; lastKnownFileType = sourcecode.swift; path = TextModifiers.swift; sourceTree = "<group>"; };
/* End PBXFileReference section */

/* Begin PBXFrameworksBuildPhase section */
		E6F39D8E2C8CA65700938FF9 /* Frameworks */ = {
			isa = PBXFrameworksBuildPhase;
			buildActionMask = 2147483647;
			files = (
			);
			runOnlyForDeploymentPostprocessing = 0;
		};
		E6F39DA12C8CA65800938FF9 /* Frameworks */ = {
			isa = PBXFrameworksBuildPhase;
			buildActionMask = 2147483647;
			files = (
			);
			runOnlyForDeploymentPostprocessing = 0;
		};
/* End PBXFrameworksBuildPhase section */

/* Begin PBXGroup section */
		E6D415982CBD998900278490 /* Services */ = {
			isa = PBXGroup;
			children = (
				E6D4159B2CBD9A7E00278490 /* Database */,
				E6D415992CBD999600278490 /* DataService.swift */,
				E6D415A52CBD9C1C00278490 /* DataServiceFactory.swift */,
			);
			path = Services;
			sourceTree = "<group>";
		};
		E6D4159B2CBD9A7E00278490 /* Database */ = {
			isa = PBXGroup;
			children = (
				E6D4159C2CBD9A8800278490 /* Database.swift */,
				E6D415A02CBD9B1B00278490 /* OrderDB.swift */,
				E6C541742CBDC34000633182 /* OrderItemDB.swift */,
				E6D4159E2CBD9AB000278490 /* SwiftDatabase.swift */,
			);
			path = Database;
			sourceTree = "<group>";
		};
		E6D415A22CBD9B5F00278490 /* ViewModels */ = {
			isa = PBXGroup;
			children = (
				E6C541722CBDBBFD00633182 /* OrderEditViewModel.swift */,
				E6D415A32CBD9B8700278490 /* OrderListViewModel.swift */,
			);
			path = ViewModels;
			sourceTree = "<group>";
		};
		E6F39D882C8CA65700938FF9 = {
			isa = PBXGroup;
			children = (
				E6F39D932C8CA65700938FF9 /* OrderDemo */,
				E6F39DA72C8CA65800938FF9 /* OrderDemoTests */,
				E6F39D922C8CA65700938FF9 /* Products */,
			);
			sourceTree = "<group>";
		};
		E6F39D922C8CA65700938FF9 /* Products */ = {
			isa = PBXGroup;
			children = (
				E6F39D912C8CA65700938FF9 /* OrderDemo.app */,
				E6F39DA42C8CA65800938FF9 /* OrderDemoTests.xctest */,
			);
			name = Products;
			sourceTree = "<group>";
		};
		E6F39D932C8CA65700938FF9 /* OrderDemo */ = {
			isa = PBXGroup;
			children = (
				E6F39DCD2C8CB7D700938FF9 /* Extensions */,
				E6F39DC12C8CA68000938FF9 /* Models */,
				E6D415982CBD998900278490 /* Services */,
				E6D415A22CBD9B5F00278490 /* ViewModels */,
				E6F39DD22C8CBB2500938FF9 /* ViewModifiers */,
				E6F39DC22C8CA68B00938FF9 /* Views */,
				E6F39D942C8CA65700938FF9 /* OrderDemoApp.swift */,
				E6F39D9A2C8CA65800938FF9 /* Assets.xcassets */,
				E6F39D9C2C8CA65800938FF9 /* OrderDemo.entitlements */,
				E6F39D9D2C8CA65800938FF9 /* Preview Content */,
				E6F39DCB2C8CAA1700938FF9 /* PreviewData.swift */,
			);
			path = OrderDemo;
			sourceTree = "<group>";
		};
		E6F39D9D2C8CA65800938FF9 /* Preview Content */ = {
			isa = PBXGroup;
			children = (
				E6F39D9E2C8CA65800938FF9 /* Preview Assets.xcassets */,
			);
			path = "Preview Content";
			sourceTree = "<group>";
		};
		E6F39DA72C8CA65800938FF9 /* OrderDemoTests */ = {
			isa = PBXGroup;
			children = (
				E6F39DA82C8CA65800938FF9 /* OrderDemoTests.swift */,
			);
			path = OrderDemoTests;
			sourceTree = "<group>";
		};
		E6F39DC12C8CA68000938FF9 /* Models */ = {
			isa = PBXGroup;
			children = (
				E6F39D982C8CA65700938FF9 /* OrderItem.swift */,
				E6F39DC32C8CA6C600938FF9 /* Order.swift */,
			);
			path = Models;
			sourceTree = "<group>";
		};
		E6F39DC22C8CA68B00938FF9 /* Views */ = {
			isa = PBXGroup;
			children = (
				E6F39DC52C8CA7FC00938FF9 /* Order */,
				E6F39DC82C8CA90200938FF9 /* ContentView.swift */,
			);
			path = Views;
			sourceTree = "<group>";
		};
		E6F39DC52C8CA7FC00938FF9 /* Order */ = {
			isa = PBXGroup;
			children = (
				E6F39D962C8CA65700938FF9 /* OrderListView.swift */,
				E6F39DC62C8CA81500938FF9 /* OrderEditView.swift */,
				E6F39DD02C8CBA9900938FF9 /* OrderItemDetailView.swift */,
			);
			path = Order;
			sourceTree = "<group>";
		};
		E6F39DCD2C8CB7D700938FF9 /* Extensions */ = {
			isa = PBXGroup;
			children = (
				E6F39DCE2C8CB7E200938FF9 /* String+extensions.swift */,
				E6C541702CBD9D3900633182 /* Logger+extensions.swift */,
			);
			path = Extensions;
			sourceTree = "<group>";
		};
		E6F39DD22C8CBB2500938FF9 /* ViewModifiers */ = {
			isa = PBXGroup;
			children = (
				E6F39DD32C8CBB3D00938FF9 /* TextModifiers.swift */,
			);
			path = ViewModifiers;
			sourceTree = "<group>";
		};
/* End PBXGroup section */

/* Begin PBXNativeTarget section */
		E6F39D902C8CA65700938FF9 /* OrderDemo */ = {
			isa = PBXNativeTarget;
			buildConfigurationList = E6F39DB82C8CA65800938FF9 /* Build configuration list for PBXNativeTarget "OrderDemo" */;
			buildPhases = (
				E6F39D8D2C8CA65700938FF9 /* Sources */,
				E6F39D8E2C8CA65700938FF9 /* Frameworks */,
				E6F39D8F2C8CA65700938FF9 /* Resources */,
			);
			buildRules = (
			);
			dependencies = (
			);
			name = OrderDemo;
			productName = OrderDemo;
			productReference = E6F39D912C8CA65700938FF9 /* OrderDemo.app */;
			productType = "com.apple.product-type.application";
		};
		E6F39DA32C8CA65800938FF9 /* OrderDemoTests */ = {
			isa = PBXNativeTarget;
			buildConfigurationList = E6F39DBB2C8CA65800938FF9 /* Build configuration list for PBXNativeTarget "OrderDemoTests" */;
			buildPhases = (
				E6F39DA02C8CA65800938FF9 /* Sources */,
				E6F39DA12C8CA65800938FF9 /* Frameworks */,
				E6F39DA22C8CA65800938FF9 /* Resources */,
			);
			buildRules = (
			);
			dependencies = (
				E6F39DA62C8CA65800938FF9 /* PBXTargetDependency */,
			);
			name = OrderDemoTests;
			productName = OrderDemoTests;
			productReference = E6F39DA42C8CA65800938FF9 /* OrderDemoTests.xctest */;
			productType = "com.apple.product-type.bundle.unit-test";
		};
/* End PBXNativeTarget section */

/* Begin PBXProject section */
		E6F39D892C8CA65700938FF9 /* Project object */ = {
			isa = PBXProject;
			attributes = {
				BuildIndependentTargetsInParallel = 1;
				LastSwiftUpdateCheck = 1540;
				LastUpgradeCheck = 1540;
				TargetAttributes = {
					E6F39D902C8CA65700938FF9 = {
						CreatedOnToolsVersion = 15.4;
					};
					E6F39DA32C8CA65800938FF9 = {
						CreatedOnToolsVersion = 15.4;
						TestTargetID = E6F39D902C8CA65700938FF9;
					};
				};
			};
			buildConfigurationList = E6F39D8C2C8CA65700938FF9 /* Build configuration list for PBXProject "OrderDemo" */;
			compatibilityVersion = "Xcode 14.0";
			developmentRegion = en;
			hasScannedForEncodings = 0;
			knownRegions = (
				en,
				Base,
			);
			mainGroup = E6F39D882C8CA65700938FF9;
			productRefGroup = E6F39D922C8CA65700938FF9 /* Products */;
			projectDirPath = "";
			projectRoot = "";
			targets = (
				E6F39D902C8CA65700938FF9 /* OrderDemo */,
				E6F39DA32C8CA65800938FF9 /* OrderDemoTests */,
			);
		};
/* End PBXProject section */

/* Begin PBXResourcesBuildPhase section */
		E6F39D8F2C8CA65700938FF9 /* Resources */ = {
			isa = PBXResourcesBuildPhase;
			buildActionMask = 2147483647;
			files = (
				E6F39D9F2C8CA65800938FF9 /* Preview Assets.xcassets in Resources */,
				E6F39D9B2C8CA65800938FF9 /* Assets.xcassets in Resources */,
			);
			runOnlyForDeploymentPostprocessing = 0;
		};
		E6F39DA22C8CA65800938FF9 /* Resources */ = {
			isa = PBXResourcesBuildPhase;
			buildActionMask = 2147483647;
			files = (
			);
			runOnlyForDeploymentPostprocessing = 0;
		};
/* End PBXResourcesBuildPhase section */

/* Begin PBXSourcesBuildPhase section */
		E6F39D8D2C8CA65700938FF9 /* Sources */ = {
			isa = PBXSourcesBuildPhase;
			buildActionMask = 2147483647;
			files = (
				E6D415A42CBD9B8700278490 /* OrderListViewModel.swift in Sources */,
				E6F39D972C8CA65700938FF9 /* OrderListView.swift in Sources */,
				E6F39D992C8CA65700938FF9 /* OrderItem.swift in Sources */,
				E6F39DD12C8CBA9900938FF9 /* OrderItemDetailView.swift in Sources */,
				E6F39DD42C8CBB3D00938FF9 /* TextModifiers.swift in Sources */,
				E6C541732CBDBBFD00633182 /* OrderEditViewModel.swift in Sources */,
				E6F39DC92C8CA90200938FF9 /* ContentView.swift in Sources */,
				E6D415A12CBD9B1B00278490 /* OrderDB.swift in Sources */,
				E6D4159A2CBD999600278490 /* DataService.swift in Sources */,
				E6D4159D2CBD9A8800278490 /* Database.swift in Sources */,
				E6C541752CBDC34000633182 /* OrderItemDB.swift in Sources */,
				E6F39DC42C8CA6C600938FF9 /* Order.swift in Sources */,
				E6D4159F2CBD9AB000278490 /* SwiftDatabase.swift in Sources */,
				E6F39DCF2C8CB7E200938FF9 /* String+extensions.swift in Sources */,
				E6F39DCC2C8CAA1700938FF9 /* PreviewData.swift in Sources */,
				E6D415A62CBD9C1C00278490 /* DataServiceFactory.swift in Sources */,
				E6F39DC72C8CA81500938FF9 /* OrderEditView.swift in Sources */,
				E6C541712CBD9D3900633182 /* Logger+extensions.swift in Sources */,
				E6F39D952C8CA65700938FF9 /* OrderDemoApp.swift in Sources */,
			);
			runOnlyForDeploymentPostprocessing = 0;
		};
		E6F39DA02C8CA65800938FF9 /* Sources */ = {
			isa = PBXSourcesBuildPhase;
			buildActionMask = 2147483647;
			files = (
				E6F39DA92C8CA65800938FF9 /* OrderDemoTests.swift in Sources */,
			);
			runOnlyForDeploymentPostprocessing = 0;
		};
/* End PBXSourcesBuildPhase section */

/* Begin PBXTargetDependency section */
		E6F39DA62C8CA65800938FF9 /* PBXTargetDependency */ = {
			isa = PBXTargetDependency;
			target = E6F39D902C8CA65700938FF9 /* OrderDemo */;
			targetProxy = E6F39DA52C8CA65800938FF9 /* PBXContainerItemProxy */;
		};
/* End PBXTargetDependency section */

/* Begin XCBuildConfiguration section */
		E6F39DB62C8CA65800938FF9 /* Debug */ = {
			isa = XCBuildConfiguration;
			buildSettings = {
				ALWAYS_SEARCH_USER_PATHS = NO;
				ASSETCATALOG_COMPILER_GENERATE_SWIFT_ASSET_SYMBOL_EXTENSIONS = YES;
				CLANG_ANALYZER_NONNULL = YES;
				CLANG_ANALYZER_NUMBER_OBJECT_CONVERSION = YES_AGGRESSIVE;
				CLANG_CXX_LANGUAGE_STANDARD = "gnu++20";
				CLANG_ENABLE_MODULES = YES;
				CLANG_ENABLE_OBJC_ARC = YES;
				CLANG_ENABLE_OBJC_WEAK = YES;
				CLANG_WARN_BLOCK_CAPTURE_AUTORELEASING = YES;
				CLANG_WARN_BOOL_CONVERSION = YES;
				CLANG_WARN_COMMA = YES;
				CLANG_WARN_CONSTANT_CONVERSION = YES;
				CLANG_WARN_DEPRECATED_OBJC_IMPLEMENTATIONS = YES;
				CLANG_WARN_DIRECT_OBJC_ISA_USAGE = YES_ERROR;
				CLANG_WARN_DOCUMENTATION_COMMENTS = YES;
				CLANG_WARN_EMPTY_BODY = YES;
				CLANG_WARN_ENUM_CONVERSION = YES;
				CLANG_WARN_INFINITE_RECURSION = YES;
				CLANG_WARN_INT_CONVERSION = YES;
				CLANG_WARN_NON_LITERAL_NULL_CONVERSION = YES;
				CLANG_WARN_OBJC_IMPLICIT_RETAIN_SELF = YES;
				CLANG_WARN_OBJC_LITERAL_CONVERSION = YES;
				CLANG_WARN_OBJC_ROOT_CLASS = YES_ERROR;
				CLANG_WARN_QUOTED_INCLUDE_IN_FRAMEWORK_HEADER = YES;
				CLANG_WARN_RANGE_LOOP_ANALYSIS = YES;
				CLANG_WARN_STRICT_PROTOTYPES = YES;
				CLANG_WARN_SUSPICIOUS_MOVE = YES;
				CLANG_WARN_UNGUARDED_AVAILABILITY = YES_AGGRESSIVE;
				CLANG_WARN_UNREACHABLE_CODE = YES;
				CLANG_WARN__DUPLICATE_METHOD_MATCH = YES;
				COPY_PHASE_STRIP = NO;
				DEBUG_INFORMATION_FORMAT = dwarf;
				ENABLE_STRICT_OBJC_MSGSEND = YES;
				ENABLE_TESTABILITY = YES;
				ENABLE_USER_SCRIPT_SANDBOXING = YES;
				GCC_C_LANGUAGE_STANDARD = gnu17;
				GCC_DYNAMIC_NO_PIC = NO;
				GCC_NO_COMMON_BLOCKS = YES;
				GCC_OPTIMIZATION_LEVEL = 0;
				GCC_PREPROCESSOR_DEFINITIONS = (
					"DEBUG=1",
					"$(inherited)",
				);
				GCC_WARN_64_TO_32_BIT_CONVERSION = YES;
				GCC_WARN_ABOUT_RETURN_TYPE = YES_ERROR;
				GCC_WARN_UNDECLARED_SELECTOR = YES;
				GCC_WARN_UNINITIALIZED_AUTOS = YES_AGGRESSIVE;
				GCC_WARN_UNUSED_FUNCTION = YES;
				GCC_WARN_UNUSED_VARIABLE = YES;
				LOCALIZATION_PREFERS_STRING_CATALOGS = YES;
				MTL_ENABLE_DEBUG_INFO = INCLUDE_SOURCE;
				MTL_FAST_MATH = YES;
				ONLY_ACTIVE_ARCH = YES;
				SWIFT_ACTIVE_COMPILATION_CONDITIONS = "DEBUG $(inherited)";
				SWIFT_OPTIMIZATION_LEVEL = "-Onone";
			};
			name = Debug;
		};
		E6F39DB72C8CA65800938FF9 /* Release */ = {
			isa = XCBuildConfiguration;
			buildSettings = {
				ALWAYS_SEARCH_USER_PATHS = NO;
				ASSETCATALOG_COMPILER_GENERATE_SWIFT_ASSET_SYMBOL_EXTENSIONS = YES;
				CLANG_ANALYZER_NONNULL = YES;
				CLANG_ANALYZER_NUMBER_OBJECT_CONVERSION = YES_AGGRESSIVE;
				CLANG_CXX_LANGUAGE_STANDARD = "gnu++20";
				CLANG_ENABLE_MODULES = YES;
				CLANG_ENABLE_OBJC_ARC = YES;
				CLANG_ENABLE_OBJC_WEAK = YES;
				CLANG_WARN_BLOCK_CAPTURE_AUTORELEASING = YES;
				CLANG_WARN_BOOL_CONVERSION = YES;
				CLANG_WARN_COMMA = YES;
				CLANG_WARN_CONSTANT_CONVERSION = YES;
				CLANG_WARN_DEPRECATED_OBJC_IMPLEMENTATIONS = YES;
				CLANG_WARN_DIRECT_OBJC_ISA_USAGE = YES_ERROR;
				CLANG_WARN_DOCUMENTATION_COMMENTS = YES;
				CLANG_WARN_EMPTY_BODY = YES;
				CLANG_WARN_ENUM_CONVERSION = YES;
				CLANG_WARN_INFINITE_RECURSION = YES;
				CLANG_WARN_INT_CONVERSION = YES;
				CLANG_WARN_NON_LITERAL_NULL_CONVERSION = YES;
				CLANG_WARN_OBJC_IMPLICIT_RETAIN_SELF = YES;
				CLANG_WARN_OBJC_LITERAL_CONVERSION = YES;
				CLANG_WARN_OBJC_ROOT_CLASS = YES_ERROR;
				CLANG_WARN_QUOTED_INCLUDE_IN_FRAMEWORK_HEADER = YES;
				CLANG_WARN_RANGE_LOOP_ANALYSIS = YES;
				CLANG_WARN_STRICT_PROTOTYPES = YES;
				CLANG_WARN_SUSPICIOUS_MOVE = YES;
				CLANG_WARN_UNGUARDED_AVAILABILITY = YES_AGGRESSIVE;
				CLANG_WARN_UNREACHABLE_CODE = YES;
				CLANG_WARN__DUPLICATE_METHOD_MATCH = YES;
				COPY_PHASE_STRIP = NO;
				DEBUG_INFORMATION_FORMAT = "dwarf-with-dsym";
				ENABLE_NS_ASSERTIONS = NO;
				ENABLE_STRICT_OBJC_MSGSEND = YES;
				ENABLE_USER_SCRIPT_SANDBOXING = YES;
				GCC_C_LANGUAGE_STANDARD = gnu17;
				GCC_NO_COMMON_BLOCKS = YES;
				GCC_WARN_64_TO_32_BIT_CONVERSION = YES;
				GCC_WARN_ABOUT_RETURN_TYPE = YES_ERROR;
				GCC_WARN_UNDECLARED_SELECTOR = YES;
				GCC_WARN_UNINITIALIZED_AUTOS = YES_AGGRESSIVE;
				GCC_WARN_UNUSED_FUNCTION = YES;
				GCC_WARN_UNUSED_VARIABLE = YES;
				LOCALIZATION_PREFERS_STRING_CATALOGS = YES;
				MTL_ENABLE_DEBUG_INFO = NO;
				MTL_FAST_MATH = YES;
				SWIFT_COMPILATION_MODE = wholemodule;
			};
			name = Release;
		};
		E6F39DB92C8CA65800938FF9 /* Debug */ = {
			isa = XCBuildConfiguration;
			buildSettings = {
				ASSETCATALOG_COMPILER_APPICON_NAME = AppIcon;
				ASSETCATALOG_COMPILER_GLOBAL_ACCENT_COLOR_NAME = AccentColor;
				CODE_SIGN_ENTITLEMENTS = OrderDemo/OrderDemo.entitlements;
				CODE_SIGN_STYLE = Automatic;
				CURRENT_PROJECT_VERSION = 1;
				DEVELOPMENT_ASSET_PATHS = "\"OrderDemo/Preview Content\"";
				DEVELOPMENT_TEAM = ZBUQD28WV5;
				ENABLE_HARDENED_RUNTIME = YES;
				ENABLE_PREVIEWS = YES;
				GENERATE_INFOPLIST_FILE = YES;
				"INFOPLIST_KEY_UIApplicationSceneManifest_Generation[sdk=iphoneos*]" = YES;
				"INFOPLIST_KEY_UIApplicationSceneManifest_Generation[sdk=iphonesimulator*]" = YES;
				"INFOPLIST_KEY_UIApplicationSupportsIndirectInputEvents[sdk=iphoneos*]" = YES;
				"INFOPLIST_KEY_UIApplicationSupportsIndirectInputEvents[sdk=iphonesimulator*]" = YES;
				"INFOPLIST_KEY_UILaunchScreen_Generation[sdk=iphoneos*]" = YES;
				"INFOPLIST_KEY_UILaunchScreen_Generation[sdk=iphonesimulator*]" = YES;
				"INFOPLIST_KEY_UIStatusBarStyle[sdk=iphoneos*]" = UIStatusBarStyleDefault;
				"INFOPLIST_KEY_UIStatusBarStyle[sdk=iphonesimulator*]" = UIStatusBarStyleDefault;
				INFOPLIST_KEY_UISupportedInterfaceOrientations_iPad = "UIInterfaceOrientationPortrait UIInterfaceOrientationPortraitUpsideDown UIInterfaceOrientationLandscapeLeft UIInterfaceOrientationLandscapeRight";
				INFOPLIST_KEY_UISupportedInterfaceOrientations_iPhone = "UIInterfaceOrientationPortrait UIInterfaceOrientationLandscapeLeft UIInterfaceOrientationLandscapeRight";
				IPHONEOS_DEPLOYMENT_TARGET = 17.5;
				LD_RUNPATH_SEARCH_PATHS = "@executable_path/Frameworks";
				"LD_RUNPATH_SEARCH_PATHS[sdk=macosx*]" = "@executable_path/../Frameworks";
				MACOSX_DEPLOYMENT_TARGET = 14.0;
				MARKETING_VERSION = 1.0;
				PRODUCT_BUNDLE_IDENTIFIER = com.levous.OrderDemo;
				PRODUCT_NAME = "$(TARGET_NAME)";
				SDKROOT = auto;
				SUPPORTED_PLATFORMS = "iphoneos iphonesimulator macosx";
				SWIFT_EMIT_LOC_STRINGS = YES;
				SWIFT_VERSION = 5.0;
				TARGETED_DEVICE_FAMILY = "1,2";
			};
			name = Debug;
		};
		E6F39DBA2C8CA65800938FF9 /* Release */ = {
			isa = XCBuildConfiguration;
			buildSettings = {
				ASSETCATALOG_COMPILER_APPICON_NAME = AppIcon;
				ASSETCATALOG_COMPILER_GLOBAL_ACCENT_COLOR_NAME = AccentColor;
				CODE_SIGN_ENTITLEMENTS = OrderDemo/OrderDemo.entitlements;
				CODE_SIGN_STYLE = Automatic;
				CURRENT_PROJECT_VERSION = 1;
				DEVELOPMENT_ASSET_PATHS = "\"OrderDemo/Preview Content\"";
				DEVELOPMENT_TEAM = ZBUQD28WV5;
				ENABLE_HARDENED_RUNTIME = YES;
				ENABLE_PREVIEWS = YES;
				GENERATE_INFOPLIST_FILE = YES;
				"INFOPLIST_KEY_UIApplicationSceneManifest_Generation[sdk=iphoneos*]" = YES;
				"INFOPLIST_KEY_UIApplicationSceneManifest_Generation[sdk=iphonesimulator*]" = YES;
				"INFOPLIST_KEY_UIApplicationSupportsIndirectInputEvents[sdk=iphoneos*]" = YES;
				"INFOPLIST_KEY_UIApplicationSupportsIndirectInputEvents[sdk=iphonesimulator*]" = YES;
				"INFOPLIST_KEY_UILaunchScreen_Generation[sdk=iphoneos*]" = YES;
				"INFOPLIST_KEY_UILaunchScreen_Generation[sdk=iphonesimulator*]" = YES;
				"INFOPLIST_KEY_UIStatusBarStyle[sdk=iphoneos*]" = UIStatusBarStyleDefault;
				"INFOPLIST_KEY_UIStatusBarStyle[sdk=iphonesimulator*]" = UIStatusBarStyleDefault;
				INFOPLIST_KEY_UISupportedInterfaceOrientations_iPad = "UIInterfaceOrientationPortrait UIInterfaceOrientationPortraitUpsideDown UIInterfaceOrientationLandscapeLeft UIInterfaceOrientationLandscapeRight";
				INFOPLIST_KEY_UISupportedInterfaceOrientations_iPhone = "UIInterfaceOrientationPortrait UIInterfaceOrientationLandscapeLeft UIInterfaceOrientationLandscapeRight";
				IPHONEOS_DEPLOYMENT_TARGET = 17.5;
				LD_RUNPATH_SEARCH_PATHS = "@executable_path/Frameworks";
				"LD_RUNPATH_SEARCH_PATHS[sdk=macosx*]" = "@executable_path/../Frameworks";
				MACOSX_DEPLOYMENT_TARGET = 14.0;
				MARKETING_VERSION = 1.0;
				PRODUCT_BUNDLE_IDENTIFIER = com.levous.OrderDemo;
				PRODUCT_NAME = "$(TARGET_NAME)";
				SDKROOT = auto;
				SUPPORTED_PLATFORMS = "iphoneos iphonesimulator macosx";
				SWIFT_EMIT_LOC_STRINGS = YES;
				SWIFT_VERSION = 5.0;
				TARGETED_DEVICE_FAMILY = "1,2";
			};
			name = Release;
		};
		E6F39DBC2C8CA65800938FF9 /* Debug */ = {
			isa = XCBuildConfiguration;
			buildSettings = {
				ALWAYS_EMBED_SWIFT_STANDARD_LIBRARIES = YES;
				BUNDLE_LOADER = "$(TEST_HOST)";
				CODE_SIGN_STYLE = Automatic;
				CURRENT_PROJECT_VERSION = 1;
				DEVELOPMENT_TEAM = ZBUQD28WV5;
				GENERATE_INFOPLIST_FILE = YES;
				IPHONEOS_DEPLOYMENT_TARGET = 17.5;
				MACOSX_DEPLOYMENT_TARGET = 14.5;
				MARKETING_VERSION = 1.0;
				PRODUCT_BUNDLE_IDENTIFIER = com.levous.OrderDemoTests;
				PRODUCT_NAME = "$(TARGET_NAME)";
				SDKROOT = auto;
				SUPPORTED_PLATFORMS = "iphoneos iphonesimulator macosx";
				SWIFT_EMIT_LOC_STRINGS = NO;
				SWIFT_VERSION = 5.0;
				TARGETED_DEVICE_FAMILY = "1,2";
				TEST_HOST = "$(BUILT_PRODUCTS_DIR)/OrderDemo.app/$(BUNDLE_EXECUTABLE_FOLDER_PATH)/OrderDemo";
			};
			name = Debug;
		};
		E6F39DBD2C8CA65800938FF9 /* Release */ = {
			isa = XCBuildConfiguration;
			buildSettings = {
				ALWAYS_EMBED_SWIFT_STANDARD_LIBRARIES = YES;
				BUNDLE_LOADER = "$(TEST_HOST)";
				CODE_SIGN_STYLE = Automatic;
				CURRENT_PROJECT_VERSION = 1;
				DEVELOPMENT_TEAM = ZBUQD28WV5;
				GENERATE_INFOPLIST_FILE = YES;
				IPHONEOS_DEPLOYMENT_TARGET = 17.5;
				MACOSX_DEPLOYMENT_TARGET = 14.5;
				MARKETING_VERSION = 1.0;
				PRODUCT_BUNDLE_IDENTIFIER = com.levous.OrderDemoTests;
				PRODUCT_NAME = "$(TARGET_NAME)";
				SDKROOT = auto;
				SUPPORTED_PLATFORMS = "iphoneos iphonesimulator macosx";
				SWIFT_EMIT_LOC_STRINGS = NO;
				SWIFT_VERSION = 5.0;
				TARGETED_DEVICE_FAMILY = "1,2";
				TEST_HOST = "$(BUILT_PRODUCTS_DIR)/OrderDemo.app/$(BUNDLE_EXECUTABLE_FOLDER_PATH)/OrderDemo";
			};
			name = Release;
		};
/* End XCBuildConfiguration section */

/* Begin XCConfigurationList section */
		E6F39D8C2C8CA65700938FF9 /* Build configuration list for PBXProject "OrderDemo" */ = {
			isa = XCConfigurationList;
			buildConfigurations = (
				E6F39DB62C8CA65800938FF9 /* Debug */,
				E6F39DB72C8CA65800938FF9 /* Release */,
			);
			defaultConfigurationIsVisible = 0;
			defaultConfigurationName = Release;
		};
		E6F39DB82C8CA65800938FF9 /* Build configuration list for PBXNativeTarget "OrderDemo" */ = {
			isa = XCConfigurationList;
			buildConfigurations = (
				E6F39DB92C8CA65800938FF9 /* Debug */,
				E6F39DBA2C8CA65800938FF9 /* Release */,
			);
			defaultConfigurationIsVisible = 0;
			defaultConfigurationName = Release;
		};
		E6F39DBB2C8CA65800938FF9 /* Build configuration list for PBXNativeTarget "OrderDemoTests" */ = {
			isa = XCConfigurationList;
			buildConfigurations = (
				E6F39DBC2C8CA65800938FF9 /* Debug */,
				E6F39DBD2C8CA65800938FF9 /* Release */,
			);
			defaultConfigurationIsVisible = 0;
			defaultConfigurationName = Release;
		};
/* End XCConfigurationList section */
	};
	rootObject = E6F39D892C8CA65700938FF9 /* Project object */;
}
